core:changelogs:
  - content: "---\npackages:\n  connect-ktor:\n    type: minor\n---\n\n## Support Connect server-streaming RPCs\n\nServer-streaming RPCs (`rpc X(Req) returns (stream Res)`) are now served end to end.\nThe code generator emits handlers that return a cold `Flow<Res>`, and\n`handleServerStream` writes each emitted message as an envelope frame followed by an\nend-of-stream frame. Response headers are flushed before the first message, a\n`ConnectException` thrown by the flow becomes the end-of-stream error, and trailers can\nbe set through the new `call.connectResponseTrailers()`. When a client disconnects, the\nhandler's flow collector is cancelled instead of the failure being swallowed.\n\nServices with server-streaming methods in their `.proto` will see a new member on the\ngenerated handler interface — those methods used to be skipped by the generator.\n\n[PR #278](https://github.com/ichizero/connect-ktor/pull/278)\n"
    filename: 2026-08-02-server-streaming.md
    v: 0.0.0
core:packages:
  - changelogIds:
      - 2026-08-02-server-streaming.md
    id: gradle:connect-ktor
    updated: true
