core:changelogs:
  - content: "---\npackages:\n  connect-ktor:\n    type: patch\n---\n\n## Align unary Connect errors and validate GET requests\n\nUnary POST and Connect GET now return consistent Connect errors and preserve error metadata. Connect GET also validates decoded requests. Validation failures and unexpected handler exceptions reach the application's Ktor `StatusPages` configuration so applications can choose their responses.\n\n[PR #380](https://github.com/ichizero/connect-ktor/pull/380)\n"
    filename: 2026-09-27-unary-connect-errors.md
    v: 0.0.0
core:packages:
  - changelogIds:
      - 2026-09-27-unary-connect-errors.md
    id: gradle:connect-ktor
    updated: true
